
Microsoft Visual Studio Solution File, Format Version 12.00
# Visual Studio 15
VisualStudioVersion = 15.0.28307.1831
MinimumVisualStudioVersion = 10.0.40219.1
Project("{FAE04EC0-301F-11D3-BF4B-00C04F79EFBC}") = "SistemaERPnew", "SistemaERPnew\SistemaERPnew.csproj", "{2BD9746F-5292-42E3-AC81-F683F24A7F63}"
EndProject
Project("{FAE04EC0-301F-11D3-BF4B-00C04F79EFBC}") = "Datos", "Datos\Datos.csproj", "{92C8C612-19F4-4689-9E9E-C1959D9C4B8C}"
EndProject
Project("{FAE04EC0-301F-11D3-BF4B-00C04F79EFBC}") = "Entidad", "Entidad\Entidad.csproj", "{B1366513-D1FF-41BE-B066-96C46463B13C}"
EndProject
Project("{FAE04EC0-301F-11D3-BF4B-00C04F79EFBC}") = "Logica", "Logica\Logica.csproj", "{057D3855-CFDF-46C6-93D2-8372F133297A}"
EndProject
Global
	GlobalSection(SolutionConfigurationPlatforms) = preSolution
		Debug|Any CPU = Debug|Any CPU
		Debug|ARM = Debug|ARM
		Debug|ARM64 = Debug|ARM64
		Debug|x64 = Debug|x64
		Debug|x86 = Debug|x86
		Release|Any CPU = Release|Any CPU
		Release|ARM = Release|ARM
		Release|ARM64 = Release|ARM64
		Release|x64 = Release|x64
		Release|x86 = Release|x86
	EndGlobalSection
	GlobalSection(ProjectConfigurationPlatforms) = postSolution
		{2BD9746F-5292-42E3-AC81-F683F24A7F63}.Debug|Any CPU.ActiveCfg = Debug|Any CPU
		{2BD9746F-5292-42E3-AC81-F683F24A7F63}.Debug|Any CPU.Build.0 = Debug|Any CPU
		{2BD9746F-5292-42E3-AC81-F683F24A7F63}.Debug|ARM.ActiveCfg = Debug|Any CPU
		{2BD9746F-5292-42E3-AC81-F683F24A7F63}.Debug|ARM.Build.0 = Debug|Any CPU
		{2BD9746F-5292-42E3-AC81-F683F24A7F63}.Debug|ARM64.ActiveCfg = Debug|Any CPU
		{2BD9746F-5292-42E3-AC81-F683F24A7F63}.Debug|ARM64.Build.0 = Debug|Any CPU
		{2BD9746F-5292-42E3-AC81-F683F24A7F63}.Debug|x64.ActiveCfg = Debug|Any CPU
		{2BD9746F-5292-42E3-AC81-F683F24A7F63}.Debug|x64.Build.0 = Debug|Any CPU
		{2BD9746F-5292-42E3-AC81-F683F24A7F63}.Debug|x86.ActiveCfg = Debug|Any CPU
		{2BD9746F-5292-42E3-AC81-F683F24A7F63}.Debug|x86.Build.0 = Debug|Any CPU
		{2BD9746F-5292-42E3-AC81-F683F24A7F63}.Release|Any CPU.ActiveCfg = Release|Any CPU
		{2BD9746F-5292-42E3-AC81-F683F24A7F63}.Release|Any CPU.Build.0 = Release|Any CPU
		{2BD9746F-5292-42E3-AC81-F683F24A7F63}.Release|ARM.ActiveCfg = Release|Any CPU
		{2BD9746F-5292-42E3-AC81-F683F24A7F63}.Release|ARM.Build.0 = Release|Any CPU
		{2BD9746F-5292-42E3-AC81-F683F24A7F63}.Release|ARM64.ActiveCfg = Release|Any CPU
		{2BD9746F-5292-42E3-AC81-F683F24A7F63}.Release|ARM64.Build.0 = Release|Any CPU
		{2BD9746F-5292-42E3-AC81-F683F24A7F63}.Release|x64.ActiveCfg = Release|Any CPU
		{2BD9746F-5292-42E3-AC81-F683F24A7F63}.Release|x64.Build.0 = Release|Any CPU
		{2BD9746F-5292-42E3-AC81-F683F24A7F63}.Release|x86.ActiveCfg = Release|Any CPU
		{2BD9746F-5292-42E3-AC81-F683F24A7F63}.Release|x86.Build.0 = Release|Any CPU
		{92C8C612-19F4-4689-9E9E-C1959D9C4B8C}.Debug|Any CPU.ActiveCfg = Debug|Any CPU
		{92C8C612-19F4-4689-9E9E-C1959D9C4B8C}.Debug|Any CPU.Build.0 = Debug|Any CPU
		{92C8C612-19F4-4689-9E9E-C1959D9C4B8C}.Debug|ARM.ActiveCfg = Debug|Any CPU
		{92C8C612-19F4-4689-9E9E-C1959D9C4B8C}.Debug|ARM.Build.0 = Debug|Any CPU
		{92C8C612-19F4-4689-9E9E-C1959D9C4B8C}.Debug|ARM64.ActiveCfg = Debug|Any CPU
		{92C8C612-19F4-4689-9E9E-C1959D9C4B8C}.Debug|ARM64.Build.0 = Debug|Any CPU
		{92C8C612-19F4-4689-9E9E-C1959D9C4B8C}.Debug|x64.ActiveCfg = Debug|Any CPU
		{92C8C612-19F4-4689-9E9E-C1959D9C4B8C}.Debug|x64.Build.0 = Debug|Any CPU
		{92C8C612-19F4-4689-9E9E-C1959D9C4B8C}.Debug|x86.ActiveCfg = Debug|Any CPU
		{92C8C612-19F4-4689-9E9E-C1959D9C4B8C}.Debug|x86.Build.0 = Debug|Any CPU
		{92C8C612-19F4-4689-9E9E-C1959D9C4B8C}.Release|Any CPU.ActiveCfg = Release|Any CPU
		{92C8C612-19F4-4689-9E9E-C1959D9C4B8C}.Release|Any CPU.Build.0 = Release|Any CPU
		{92C8C612-19F4-4689-9E9E-C1959D9C4B8C}.Release|ARM.ActiveCfg = Release|Any CPU
		{92C8C612-19F4-4689-9E9E-C1959D9C4B8C}.Release|ARM.Build.0 = Release|Any CPU
		{92C8C612-19F4-4689-9E9E-C1959D9C4B8C}.Release|ARM64.ActiveCfg = Release|Any CPU
		{92C8C612-19F4-4689-9E9E-C1959D9C4B8C}.Release|ARM64.Build.0 = Release|Any CPU
		{92C8C612-19F4-4689-9E9E-C1959D9C4B8C}.Release|x64.ActiveCfg = Release|Any CPU
		{92C8C612-19F4-4689-9E9E-C1959D9C4B8C}.Release|x64.Build.0 = Release|Any CPU
		{92C8C612-19F4-4689-9E9E-C1959D9C4B8C}.Release|x86.ActiveCfg = Release|Any CPU
		{92C8C612-19F4-4689-9E9E-C1959D9C4B8C}.Release|x86.Build.0 = Release|Any CPU
		{B1366513-D1FF-41BE-B066-96C46463B13C}.Debug|Any CPU.ActiveCfg = Debug|Any CPU
		{B1366513-D1FF-41BE-B066-96C46463B13C}.Debug|Any CPU.Build.0 = Debug|Any CPU
		{B1366513-D1FF-41BE-B066-96C46463B13C}.Debug|ARM.ActiveCfg = Debug|Any CPU
		{B1366513-D1FF-41BE-B066-96C46463B13C}.Debug|ARM.Build.0 = Debug|Any CPU
		{B1366513-D1FF-41BE-B066-96C46463B13C}.Debug|ARM64.ActiveCfg = Debug|Any CPU
		{B1366513-D1FF-41BE-B066-96C46463B13C}.Debug|ARM64.Build.0 = Debug|Any CPU
		{B1366513-D1FF-41BE-B066-96C46463B13C}.Debug|x64.ActiveCfg = Debug|Any CPU
		{B1366513-D1FF-41BE-B066-96C46463B13C}.Debug|x64.Build.0 = Debug|Any CPU
		{B1366513-D1FF-41BE-B066-96C46463B13C}.Debug|x86.ActiveCfg = Debug|Any CPU
		{B1366513-D1FF-41BE-B066-96C46463B13C}.Debug|x86.Build.0 = Debug|Any CPU
		{B1366513-D1FF-41BE-B066-96C46463B13C}.Release|Any CPU.ActiveCfg = Release|Any CPU
		{B1366513-D1FF-41BE-B066-96C46463B13C}.Release|Any CPU.Build.0 = Release|Any CPU
		{B1366513-D1FF-41BE-B066-96C46463B13C}.Release|ARM.ActiveCfg = Release|Any CPU
		{B1366513-D1FF-41BE-B066-96C46463B13C}.Release|ARM.Build.0 = Release|Any CPU
		{B1366513-D1FF-41BE-B066-96C46463B13C}.Release|ARM64.ActiveCfg = Release|Any CPU
		{B1366513-D1FF-41BE-B066-96C46463B13C}.Release|ARM64.Build.0 = Release|Any CPU
		{B1366513-D1FF-41BE-B066-96C46463B13C}.Release|x64.ActiveCfg = Release|Any CPU
		{B1366513-D1FF-41BE-B066-96C46463B13C}.Release|x64.Build.0 = Release|Any CPU
		{B1366513-D1FF-41BE-B066-96C46463B13C}.Release|x86.ActiveCfg = Release|Any CPU
		{B1366513-D1FF-41BE-B066-96C46463B13C}.Release|x86.Build.0 = Release|Any CPU
		{057D3855-CFDF-46C6-93D2-8372F133297A}.Debug|Any CPU.ActiveCfg = Debug|Any CPU
		{057D3855-CFDF-46C6-93D2-8372F133297A}.Debug|Any CPU.Build.0 = Debug|Any CPU
		{057D3855-CFDF-46C6-93D2-8372F133297A}.Debug|ARM.ActiveCfg = Debug|Any CPU
		{057D3855-CFDF-46C6-93D2-8372F133297A}.Debug|ARM.Build.0 = Debug|Any CPU
		{057D3855-CFDF-46C6-93D2-8372F133297A}.Debug|ARM64.ActiveCfg = Debug|Any CPU
		{057D3855-CFDF-46C6-93D2-8372F133297A}.Debug|ARM64.Build.0 = Debug|Any CPU
		{057D3855-CFDF-46C6-93D2-8372F133297A}.Debug|x64.ActiveCfg = Debug|Any CPU
		{057D3855-CFDF-46C6-93D2-8372F133297A}.Debug|x64.Build.0 = Debug|Any CPU
		{057D3855-CFDF-46C6-93D2-8372F133297A}.Debug|x86.ActiveCfg = Debug|Any CPU
		{057D3855-CFDF-46C6-93D2-8372F133297A}.Debug|x86.Build.0 = Debug|Any CPU
		{057D3855-CFDF-46C6-93D2-8372F133297A}.Release|Any CPU.ActiveCfg = Release|Any CPU
		{057D3855-CFDF-46C6-93D2-8372F133297A}.Release|Any CPU.Build.0 = Release|Any CPU
		{057D3855-CFDF-46C6-93D2-8372F133297A}.Release|ARM.ActiveCfg = Release|Any CPU
		{057D3855-CFDF-46C6-93D2-8372F133297A}.Release|ARM.Build.0 = Release|Any CPU
		{057D3855-CFDF-46C6-93D2-8372F133297A}.Release|ARM64.ActiveCfg = Release|Any CPU
		{057D3855-CFDF-46C6-93D2-8372F133297A}.Release|ARM64.Build.0 = Release|Any CPU
		{057D3855-CFDF-46C6-93D2-8372F133297A}.Release|x64.ActiveCfg = Release|Any CPU
		{057D3855-CFDF-46C6-93D2-8372F133297A}.Release|x64.Build.0 = Release|Any CPU
		{057D3855-CFDF-46C6-93D2-8372F133297A}.Release|x86.ActiveCfg = Release|Any CPU
		{057D3855-CFDF-46C6-93D2-8372F133297A}.Release|x86.Build.0 = Release|Any CPU
	EndGlobalSection
	GlobalSection(SolutionProperties) = preSolution
		HideSolutionNode = FALSE
	EndGlobalSection
	GlobalSection(ExtensibilityGlobals) = postSolution
		SolutionGuid = {15492EC8-8A6A-45FE-A9F8-7510A51375F7}
	EndGlobalSection
EndGlobal
